
Microsoft Visual Studio Solution File, Format Version 12.00
# Visual Studio 15
VisualStudioVersion = 15.0.27004.2010
MinimumVisualStudioVersion = 10.0.40219.1
Project("{2150E333-8FDC-42A3-9474-1A3956D46DE8}") = "source", "source", "{56123580-99E9-45AC-8300-ABF8EE1D021E}"
EndProject
Project("{9A19103F-16F7-4668-BE54-9A1E7A4F7556}") = "Blockly.NetStandard10", "..\..\source\Blockly.NetStandard10\Blockly.NetStandard10.csproj", "{0AEA6F73-AEC9-473E-8911-C140FEA830EC}"
EndProject
Project("{FAE04EC0-301F-11D3-BF4B-00C04F79EFBC}") = "Blockly.Bindings.XamarinIOS", "..\..\source\Blockly.Bindings.XamarinIOS\Blockly.Bindings.XamarinIOS.csproj", "{42320225-06E7-42D3-8287-4758C0693ACA}"
EndProject
Project("{FAE04EC0-301F-11D3-BF4B-00C04F79EFBC}") = "Blockly.Bindings.XamarinAndroid", "..\..\source\Blockly.Bindings.XamarinAndroid\Blockly.Bindings.XamarinAndroid.csproj", "{4F6D1BAC-5BA3-4821-9FDB-3E8DFB69FB68}"
EndProject
Global
	GlobalSection(SolutionConfigurationPlatforms) = preSolution
		Debug|Any CPU = Debug|Any CPU
		Debug|iPhone = Debug|iPhone
		Debug|iPhoneSimulator = Debug|iPhoneSimulator
		Release|Any CPU = Release|Any CPU
		Release|iPhone = Release|iPhone
		Release|iPhoneSimulator = Release|iPhoneSimulator
	EndGlobalSection
	GlobalSection(ProjectConfigurationPlatforms) = postSolution
		{0AEA6F73-AEC9-473E-8911-C140FEA830EC}.Debug|Any CPU.ActiveCfg = Debug|Any CPU
		{0AEA6F73-AEC9-473E-8911-C140FEA830EC}.Debug|Any CPU.Build.0 = Debug|Any CPU
		{0AEA6F73-AEC9-473E-8911-C140FEA830EC}.Debug|iPhone.ActiveCfg = Debug|Any CPU
		{0AEA6F73-AEC9-473E-8911-C140FEA830EC}.Debug|iPhone.Build.0 = Debug|Any CPU
		{0AEA6F73-AEC9-473E-8911-C140FEA830EC}.Debug|iPhoneSimulator.ActiveCfg = Debug|Any CPU
		{0AEA6F73-AEC9-473E-8911-C140FEA830EC}.Debug|iPhoneSimulator.Build.0 = Debug|Any CPU
		{0AEA6F73-AEC9-473E-8911-C140FEA830EC}.Release|Any CPU.ActiveCfg = Release|Any CPU
		{0AEA6F73-AEC9-473E-8911-C140FEA830EC}.Release|Any CPU.Build.0 = Release|Any CPU
		{0AEA6F73-AEC9-473E-8911-C140FEA830EC}.Release|iPhone.ActiveCfg = Release|Any CPU
		{0AEA6F73-AEC9-473E-8911-C140FEA830EC}.Release|iPhone.Build.0 = Release|Any CPU
		{0AEA6F73-AEC9-473E-8911-C140FEA830EC}.Release|iPhoneSimulator.ActiveCfg = Release|Any CPU
		{0AEA6F73-AEC9-473E-8911-C140FEA830EC}.Release|iPhoneSimulator.Build.0 = Release|Any CPU
		{42320225-06E7-42D3-8287-4758C0693ACA}.Debug|Any CPU.ActiveCfg = Debug|Any CPU
		{42320225-06E7-42D3-8287-4758C0693ACA}.Debug|Any CPU.Build.0 = Debug|Any CPU
		{42320225-06E7-42D3-8287-4758C0693ACA}.Debug|iPhone.ActiveCfg = Debug|Any CPU
		{42320225-06E7-42D3-8287-4758C0693ACA}.Debug|iPhone.Build.0 = Debug|Any CPU
		{42320225-06E7-42D3-8287-4758C0693ACA}.Debug|iPhoneSimulator.ActiveCfg = Debug|Any CPU
		{42320225-06E7-42D3-8287-4758C0693ACA}.Debug|iPhoneSimulator.Build.0 = Debug|Any CPU
		{42320225-06E7-42D3-8287-4758C0693ACA}.Release|Any CPU.ActiveCfg = Release|Any CPU
		{42320225-06E7-42D3-8287-4758C0693ACA}.Release|Any CPU.Build.0 = Release|Any CPU
		{42320225-06E7-42D3-8287-4758C0693ACA}.Release|iPhone.ActiveCfg = Release|Any CPU
		{42320225-06E7-42D3-8287-4758C0693ACA}.Release|iPhone.Build.0 = Release|Any CPU
		{42320225-06E7-42D3-8287-4758C0693ACA}.Release|iPhoneSimulator.ActiveCfg = Release|Any CPU
		{42320225-06E7-42D3-8287-4758C0693ACA}.Release|iPhoneSimulator.Build.0 = Release|Any CPU
		{4F6D1BAC-5BA3-4821-9FDB-3E8DFB69FB68}.Debug|Any CPU.ActiveCfg = Debug|Any CPU
		{4F6D1BAC-5BA3-4821-9FDB-3E8DFB69FB68}.Debug|Any CPU.Build.0 = Debug|Any CPU
		{4F6D1BAC-5BA3-4821-9FDB-3E8DFB69FB68}.Debug|iPhone.ActiveCfg = Debug|Any CPU
		{4F6D1BAC-5BA3-4821-9FDB-3E8DFB69FB68}.Debug|iPhone.Build.0 = Debug|Any CPU
		{4F6D1BAC-5BA3-4821-9FDB-3E8DFB69FB68}.Debug|iPhoneSimulator.ActiveCfg = Debug|Any CPU
		{4F6D1BAC-5BA3-4821-9FDB-3E8DFB69FB68}.Debug|iPhoneSimulator.Build.0 = Debug|Any CPU
		{4F6D1BAC-5BA3-4821-9FDB-3E8DFB69FB68}.Release|Any CPU.ActiveCfg = Release|Any CPU
		{4F6D1BAC-5BA3-4821-9FDB-3E8DFB69FB68}.Release|Any CPU.Build.0 = Release|Any CPU
		{4F6D1BAC-5BA3-4821-9FDB-3E8DFB69FB68}.Release|iPhone.ActiveCfg = Release|Any CPU
		{4F6D1BAC-5BA3-4821-9FDB-3E8DFB69FB68}.Release|iPhone.Build.0 = Release|Any CPU
		{4F6D1BAC-5BA3-4821-9FDB-3E8DFB69FB68}.Release|iPhoneSimulator.ActiveCfg = Release|Any CPU
		{4F6D1BAC-5BA3-4821-9FDB-3E8DFB69FB68}.Release|iPhoneSimulator.Build.0 = Release|Any CPU
	EndGlobalSection
	GlobalSection(SolutionProperties) = preSolution
		HideSolutionNode = FALSE
	EndGlobalSection
	GlobalSection(NestedProjects) = preSolution
		{0AEA6F73-AEC9-473E-8911-C140FEA830EC} = {56123580-99E9-45AC-8300-ABF8EE1D021E}
		{42320225-06E7-42D3-8287-4758C0693ACA} = {56123580-99E9-45AC-8300-ABF8EE1D021E}
		{4F6D1BAC-5BA3-4821-9FDB-3E8DFB69FB68} = {56123580-99E9-45AC-8300-ABF8EE1D021E}
	EndGlobalSection
	GlobalSection(ExtensibilityGlobals) = postSolution
		SolutionGuid = {CC1968CA-A163-4F46-9E24-814C893F78B0}
	EndGlobalSection
EndGlobal
