
Microsoft Visual Studio Solution File, Format Version 12.00
# Visual Studio 15
VisualStudioVersion = 15.0.27004.2009
MinimumVisualStudioVersion = 10.0.40219.1
Project("{FAE04EC0-301F-11D3-BF4B-00C04F79EFBC}") = "Blockly.NetStandard10", "Blockly.NetStandard10\Blockly.NetStandard10.csproj", "{0AEA6F73-AEC9-473E-8911-C140FEA830EC}"
EndProject
Project("{FAE04EC0-301F-11D3-BF4B-00C04F79EFBC}") = "Blockly.Bindings.XamarinIOS", "Blockly.Bindings.XamarinIOS\Blockly.Bindings.XamarinIOS.csproj", "{42320225-06E7-42D3-8287-4758C0693ACA}"
EndProject
Project("{FAE04EC0-301F-11D3-BF4B-00C04F79EFBC}") = "Blockly.Bindings.XamarinAndroid", "Blockly.Bindings.XamarinAndroid\Blockly.Bindings.XamarinAndroid.csproj", "{4F6D1BAC-5BA3-4821-9FDB-3E8DFB69FB68}"
EndProject
Project("{FAE04EC0-301F-11D3-BF4B-00C04F79EFBC}") = "Blockly.Bindings.NetStandard10", "Blockly.Bindings.NetStandard10\Blockly.Bindings.NetStandard10.csproj", "{191CD6CA-E422-42A7-AD04-F3E731A9F553}"
EndProject
Project("{FAE04EC0-301F-11D3-BF4B-00C04F79EFBC}") = "Blockly.XamarinIOS", "Blockly.XamarinIOS\Blockly.XamarinIOS.csproj", "{0FA4E7C0-318F-4515-AFA4-613FF3A296CB}"
EndProject
Project("{FAE04EC0-301F-11D3-BF4B-00C04F79EFBC}") = "Blockly.XamarinAndroid", "Blockly.XamarinAndroid\Blockly.XamarinAndroid.csproj", "{BF701D87-B10A-40DB-B5FE-B4DA1B67139C}"
EndProject
Project("{FAE04EC0-301F-11D3-BF4B-00C04F79EFBC}") = "Blockly.Sample", "Blockly.Sample\Blockly.Sample.csproj", "{953AFB96-8882-4318-A7F8-E27D01513509}"
EndProject
Global
	GlobalSection(SolutionConfigurationPlatforms) = preSolution
		Debug|Any CPU = Debug|Any CPU
		Release|Any CPU = Release|Any CPU
		Debug|iPhoneSimulator = Debug|iPhoneSimulator
		Release|iPhone = Release|iPhone
		Release|iPhoneSimulator = Release|iPhoneSimulator
		Debug|iPhone = Debug|iPhone
	EndGlobalSection
	GlobalSection(ProjectConfigurationPlatforms) = postSolution
		{0AEA6F73-AEC9-473E-8911-C140FEA830EC}.Debug|Any CPU.ActiveCfg = Debug|Any CPU
		{0AEA6F73-AEC9-473E-8911-C140FEA830EC}.Debug|Any CPU.Build.0 = Debug|Any CPU
		{0AEA6F73-AEC9-473E-8911-C140FEA830EC}.Release|Any CPU.ActiveCfg = Release|Any CPU
		{0AEA6F73-AEC9-473E-8911-C140FEA830EC}.Release|Any CPU.Build.0 = Release|Any CPU
		{0AEA6F73-AEC9-473E-8911-C140FEA830EC}.Debug|iPhoneSimulator.ActiveCfg = Debug|Any CPU
		{0AEA6F73-AEC9-473E-8911-C140FEA830EC}.Debug|iPhoneSimulator.Build.0 = Debug|Any CPU
		{0AEA6F73-AEC9-473E-8911-C140FEA830EC}.Release|iPhone.ActiveCfg = Release|Any CPU
		{0AEA6F73-AEC9-473E-8911-C140FEA830EC}.Release|iPhone.Build.0 = Release|Any CPU
		{0AEA6F73-AEC9-473E-8911-C140FEA830EC}.Release|iPhoneSimulator.ActiveCfg = Release|Any CPU
		{0AEA6F73-AEC9-473E-8911-C140FEA830EC}.Release|iPhoneSimulator.Build.0 = Release|Any CPU
		{0AEA6F73-AEC9-473E-8911-C140FEA830EC}.Debug|iPhone.ActiveCfg = Debug|Any CPU
		{0AEA6F73-AEC9-473E-8911-C140FEA830EC}.Debug|iPhone.Build.0 = Debug|Any CPU
		{42320225-06E7-42D3-8287-4758C0693ACA}.Debug|Any CPU.ActiveCfg = Debug|Any CPU
		{42320225-06E7-42D3-8287-4758C0693ACA}.Debug|Any CPU.Build.0 = Debug|Any CPU
		{42320225-06E7-42D3-8287-4758C0693ACA}.Release|Any CPU.ActiveCfg = Release|Any CPU
		{42320225-06E7-42D3-8287-4758C0693ACA}.Release|Any CPU.Build.0 = Release|Any CPU
		{42320225-06E7-42D3-8287-4758C0693ACA}.Debug|iPhoneSimulator.ActiveCfg = Debug|Any CPU
		{42320225-06E7-42D3-8287-4758C0693ACA}.Debug|iPhoneSimulator.Build.0 = Debug|Any CPU
		{42320225-06E7-42D3-8287-4758C0693ACA}.Release|iPhone.ActiveCfg = Release|Any CPU
		{42320225-06E7-42D3-8287-4758C0693ACA}.Release|iPhone.Build.0 = Release|Any CPU
		{42320225-06E7-42D3-8287-4758C0693ACA}.Release|iPhoneSimulator.ActiveCfg = Release|Any CPU
		{42320225-06E7-42D3-8287-4758C0693ACA}.Release|iPhoneSimulator.Build.0 = Release|Any CPU
		{42320225-06E7-42D3-8287-4758C0693ACA}.Debug|iPhone.ActiveCfg = Debug|Any CPU
		{42320225-06E7-42D3-8287-4758C0693ACA}.Debug|iPhone.Build.0 = Debug|Any CPU
		{4F6D1BAC-5BA3-4821-9FDB-3E8DFB69FB68}.Debug|Any CPU.ActiveCfg = Debug|Any CPU
		{4F6D1BAC-5BA3-4821-9FDB-3E8DFB69FB68}.Debug|Any CPU.Build.0 = Debug|Any CPU
		{4F6D1BAC-5BA3-4821-9FDB-3E8DFB69FB68}.Release|Any CPU.ActiveCfg = Release|Any CPU
		{4F6D1BAC-5BA3-4821-9FDB-3E8DFB69FB68}.Release|Any CPU.Build.0 = Release|Any CPU
		{4F6D1BAC-5BA3-4821-9FDB-3E8DFB69FB68}.Debug|iPhoneSimulator.ActiveCfg = Debug|Any CPU
		{4F6D1BAC-5BA3-4821-9FDB-3E8DFB69FB68}.Debug|iPhoneSimulator.Build.0 = Debug|Any CPU
		{4F6D1BAC-5BA3-4821-9FDB-3E8DFB69FB68}.Release|iPhone.ActiveCfg = Release|Any CPU
		{4F6D1BAC-5BA3-4821-9FDB-3E8DFB69FB68}.Release|iPhone.Build.0 = Release|Any CPU
		{4F6D1BAC-5BA3-4821-9FDB-3E8DFB69FB68}.Release|iPhoneSimulator.ActiveCfg = Release|Any CPU
		{4F6D1BAC-5BA3-4821-9FDB-3E8DFB69FB68}.Release|iPhoneSimulator.Build.0 = Release|Any CPU
		{4F6D1BAC-5BA3-4821-9FDB-3E8DFB69FB68}.Debug|iPhone.ActiveCfg = Debug|Any CPU
		{4F6D1BAC-5BA3-4821-9FDB-3E8DFB69FB68}.Debug|iPhone.Build.0 = Debug|Any CPU
		{191CD6CA-E422-42A7-AD04-F3E731A9F553}.Debug|Any CPU.ActiveCfg = Debug|Any CPU
		{191CD6CA-E422-42A7-AD04-F3E731A9F553}.Debug|Any CPU.Build.0 = Debug|Any CPU
		{191CD6CA-E422-42A7-AD04-F3E731A9F553}.Release|Any CPU.ActiveCfg = Release|Any CPU
		{191CD6CA-E422-42A7-AD04-F3E731A9F553}.Release|Any CPU.Build.0 = Release|Any CPU
		{191CD6CA-E422-42A7-AD04-F3E731A9F553}.Debug|iPhoneSimulator.ActiveCfg = Debug|Any CPU
		{191CD6CA-E422-42A7-AD04-F3E731A9F553}.Debug|iPhoneSimulator.Build.0 = Debug|Any CPU
		{191CD6CA-E422-42A7-AD04-F3E731A9F553}.Release|iPhone.ActiveCfg = Release|Any CPU
		{191CD6CA-E422-42A7-AD04-F3E731A9F553}.Release|iPhone.Build.0 = Release|Any CPU
		{191CD6CA-E422-42A7-AD04-F3E731A9F553}.Release|iPhoneSimulator.ActiveCfg = Release|Any CPU
		{191CD6CA-E422-42A7-AD04-F3E731A9F553}.Release|iPhoneSimulator.Build.0 = Release|Any CPU
		{191CD6CA-E422-42A7-AD04-F3E731A9F553}.Debug|iPhone.ActiveCfg = Debug|Any CPU
		{191CD6CA-E422-42A7-AD04-F3E731A9F553}.Debug|iPhone.Build.0 = Debug|Any CPU
		{0FA4E7C0-318F-4515-AFA4-613FF3A296CB}.Debug|Any CPU.ActiveCfg = Debug|Any CPU
		{0FA4E7C0-318F-4515-AFA4-613FF3A296CB}.Debug|Any CPU.Build.0 = Debug|Any CPU
		{0FA4E7C0-318F-4515-AFA4-613FF3A296CB}.Release|Any CPU.ActiveCfg = Release|Any CPU
		{0FA4E7C0-318F-4515-AFA4-613FF3A296CB}.Release|Any CPU.Build.0 = Release|Any CPU
		{0FA4E7C0-318F-4515-AFA4-613FF3A296CB}.Debug|iPhoneSimulator.ActiveCfg = Debug|Any CPU
		{0FA4E7C0-318F-4515-AFA4-613FF3A296CB}.Debug|iPhoneSimulator.Build.0 = Debug|Any CPU
		{0FA4E7C0-318F-4515-AFA4-613FF3A296CB}.Release|iPhone.ActiveCfg = Release|Any CPU
		{0FA4E7C0-318F-4515-AFA4-613FF3A296CB}.Release|iPhone.Build.0 = Release|Any CPU
		{0FA4E7C0-318F-4515-AFA4-613FF3A296CB}.Release|iPhoneSimulator.ActiveCfg = Release|Any CPU
		{0FA4E7C0-318F-4515-AFA4-613FF3A296CB}.Release|iPhoneSimulator.Build.0 = Release|Any CPU
		{0FA4E7C0-318F-4515-AFA4-613FF3A296CB}.Debug|iPhone.ActiveCfg = Debug|Any CPU
		{0FA4E7C0-318F-4515-AFA4-613FF3A296CB}.Debug|iPhone.Build.0 = Debug|Any CPU
		{BF701D87-B10A-40DB-B5FE-B4DA1B67139C}.Debug|Any CPU.ActiveCfg = Debug|Any CPU
		{BF701D87-B10A-40DB-B5FE-B4DA1B67139C}.Debug|Any CPU.Build.0 = Debug|Any CPU
		{BF701D87-B10A-40DB-B5FE-B4DA1B67139C}.Release|Any CPU.ActiveCfg = Release|Any CPU
		{BF701D87-B10A-40DB-B5FE-B4DA1B67139C}.Release|Any CPU.Build.0 = Release|Any CPU
		{BF701D87-B10A-40DB-B5FE-B4DA1B67139C}.Debug|iPhoneSimulator.ActiveCfg = Debug|Any CPU
		{BF701D87-B10A-40DB-B5FE-B4DA1B67139C}.Debug|iPhoneSimulator.Build.0 = Debug|Any CPU
		{BF701D87-B10A-40DB-B5FE-B4DA1B67139C}.Release|iPhone.ActiveCfg = Release|Any CPU
		{BF701D87-B10A-40DB-B5FE-B4DA1B67139C}.Release|iPhone.Build.0 = Release|Any CPU
		{BF701D87-B10A-40DB-B5FE-B4DA1B67139C}.Release|iPhoneSimulator.ActiveCfg = Release|Any CPU
		{BF701D87-B10A-40DB-B5FE-B4DA1B67139C}.Release|iPhoneSimulator.Build.0 = Release|Any CPU
		{BF701D87-B10A-40DB-B5FE-B4DA1B67139C}.Debug|iPhone.ActiveCfg = Debug|Any CPU
		{BF701D87-B10A-40DB-B5FE-B4DA1B67139C}.Debug|iPhone.Build.0 = Debug|Any CPU
		{953AFB96-8882-4318-A7F8-E27D01513509}.Debug|Any CPU.ActiveCfg = Debug|iPhoneSimulator
		{953AFB96-8882-4318-A7F8-E27D01513509}.Debug|Any CPU.Build.0 = Debug|iPhoneSimulator
		{953AFB96-8882-4318-A7F8-E27D01513509}.Release|Any CPU.ActiveCfg = Release|iPhone
		{953AFB96-8882-4318-A7F8-E27D01513509}.Release|Any CPU.Build.0 = Release|iPhone
		{953AFB96-8882-4318-A7F8-E27D01513509}.Debug|iPhoneSimulator.ActiveCfg = Debug|iPhoneSimulator
		{953AFB96-8882-4318-A7F8-E27D01513509}.Debug|iPhoneSimulator.Build.0 = Debug|iPhoneSimulator
		{953AFB96-8882-4318-A7F8-E27D01513509}.Release|iPhone.ActiveCfg = Release|iPhone
		{953AFB96-8882-4318-A7F8-E27D01513509}.Release|iPhone.Build.0 = Release|iPhone
		{953AFB96-8882-4318-A7F8-E27D01513509}.Release|iPhoneSimulator.ActiveCfg = Release|iPhoneSimulator
		{953AFB96-8882-4318-A7F8-E27D01513509}.Release|iPhoneSimulator.Build.0 = Release|iPhoneSimulator
		{953AFB96-8882-4318-A7F8-E27D01513509}.Debug|iPhone.ActiveCfg = Debug|iPhone
		{953AFB96-8882-4318-A7F8-E27D01513509}.Debug|iPhone.Build.0 = Debug|iPhone
	EndGlobalSection
EndGlobal
